
Microsoft Visual Studio Solution File, Format Version 12.00
# Visual Studio Version 16
VisualStudioVersion = 16.0.31515.178
MinimumVisualStudioVersion = 10.0.40219.1
Project("{9A19103F-16F7-4668-BE54-9A1E7A4F7556}") = "WingSlotExtra", "WingSlotExtra.csproj", "{06127A31-6AA8-445F-8237-30A87D88ADEC}"
EndProject
Global
	GlobalSection(SolutionConfigurationPlatforms) = preSolution
		Debug|Any CPU = Debug|Any CPU
		Release|Any CPU = Release|Any CPU
	EndGlobalSection
	GlobalSection(ProjectConfigurationPlatforms) = postSolution
		{06127A31-6AA8-445F-8237-30A87D88ADEC}.Debug|Any CPU.ActiveCfg = Debug|Any CPU
		{06127A31-6AA8-445F-8237-30A87D88ADEC}.Debug|Any CPU.Build.0 = Debug|Any CPU
		{06127A31-6AA8-445F-8237-30A87D88ADEC}.Release|Any CPU.ActiveCfg = Release|Any CPU
		{06127A31-6AA8-445F-8237-30A87D88ADEC}.Release|Any CPU.Build.0 = Release|Any CPU
	EndGlobalSection
	GlobalSection(SolutionProperties) = preSolution
		HideSolutionNode = FALSE
	EndGlobalSection
	GlobalSection(ExtensibilityGlobals) = postSolution
		SolutionGuid = {F892C07D-BEA9-4AB9-82E0-439C354284A5}
	EndGlobalSection
EndGlobal
